
Microsoft Visual Studio Solution File, Format Version 12.00
# Visual Studio Version 16
VisualStudioVersion = 16.0.31205.134
MinimumVisualStudioVersion = 10.0.40219.1
Project("{9A19103F-16F7-4668-BE54-9A1E7A4F7556}") = "DealerForThePeople", "DealerForThePeople\DealerForThePeople.csproj", "{41CA9B29-9C9B-48BB-A4DC-B03F98551D9E}"
EndProject
Project("{FAE04EC0-301F-11D3-BF4B-00C04F79EFBC}") = "DealerForThePeopleTest", "DealerForThePeopleTest\DealerForThePeopleTest.csproj", "{C1A06712-1B78-4E6C-8728-0EB65FFB5531}"
EndProject
Global
	GlobalSection(SolutionConfigurationPlatforms) = preSolution
		Debug|Any CPU = Debug|Any CPU
		Release|Any CPU = Release|Any CPU
	EndGlobalSection
	GlobalSection(ProjectConfigurationPlatforms) = postSolution
		{41CA9B29-9C9B-48BB-A4DC-B03F98551D9E}.Debug|Any CPU.ActiveCfg = Debug|Any CPU
		{41CA9B29-9C9B-48BB-A4DC-B03F98551D9E}.Debug|Any CPU.Build.0 = Debug|Any CPU
		{41CA9B29-9C9B-48BB-A4DC-B03F98551D9E}.Release|Any CPU.ActiveCfg = Release|Any CPU
		{41CA9B29-9C9B-48BB-A4DC-B03F98551D9E}.Release|Any CPU.Build.0 = Release|Any CPU
		{C1A06712-1B78-4E6C-8728-0EB65FFB5531}.Debug|Any CPU.ActiveCfg = Debug|Any CPU
		{C1A06712-1B78-4E6C-8728-0EB65FFB5531}.Debug|Any CPU.Build.0 = Debug|Any CPU
		{C1A06712-1B78-4E6C-8728-0EB65FFB5531}.Release|Any CPU.ActiveCfg = Release|Any CPU
		{C1A06712-1B78-4E6C-8728-0EB65FFB5531}.Release|Any CPU.Build.0 = Release|Any CPU
	EndGlobalSection
	GlobalSection(SolutionProperties) = preSolution
		HideSolutionNode = FALSE
	EndGlobalSection
	GlobalSection(ExtensibilityGlobals) = postSolution
		SolutionGuid = {F3C40139-5C25-4C2B-8B98-2A9CF2E4A36F}
	EndGlobalSection
EndGlobal
